// !$*UTF8*$!
{
	archiveVersion = 1;
	classes = {
	};
	objectVersion = 51;
	objects = {

/* Begin PBXBuildFile section */
		19B764E42BA2A4F497184CD8 /* Pods_ToDoList_ToDoListUITests.framework in Frameworks */ = {isa = PBXBuildFile; fileRef = 6893F339DE10E274F2D39E43 /* Pods_ToDoList_ToDoListUITests.framework */; };
		262301FE249B656000DB1E36 /* PomodoroController.swift in Sources */ = {isa = PBXBuildFile; fileRef = 262301FD249B656000DB1E36 /* PomodoroController.swift */; };
		263B2C7624949D65003D25C1 /* AppDelegate.swift in Sources */ = {isa = PBXBuildFile; fileRef = 263B2C7524949D65003D25C1 /* AppDelegate.swift */; };
		263B2C7824949D65003D25C1 /* SceneDelegate.swift in Sources */ = {isa = PBXBuildFile; fileRef = 263B2C7724949D65003D25C1 /* SceneDelegate.swift */; };
		263B2C7A24949D65003D25C1 /* ViewController.swift in Sources */ = {isa = PBXBuildFile; fileRef = 263B2C7924949D65003D25C1 /* ViewController.swift */; };
		263B2C7D24949D65003D25C1 /* Main.storyboard in Resources */ = {isa = PBXBuildFile; fileRef = 263B2C7B24949D65003D25C1 /* Main.storyboard */; };
		263B2C8024949D65003D25C1 /* ToDoList.xcdatamodeld in Sources */ = {isa = PBXBuildFile; fileRef = 263B2C7E24949D65003D25C1 /* ToDoList.xcdatamodeld */; };
		263B2C8224949D6B003D25C1 /* Assets.xcassets in Resources */ = {isa = PBXBuildFile; fileRef = 263B2C8124949D6B003D25C1 /* Assets.xcassets */; };
		263B2C8524949D6B003D25C1 /* LaunchScreen.storyboard in Resources */ = {isa = PBXBuildFile; fileRef = 263B2C8324949D6B003D25C1 /* LaunchScreen.storyboard */; };
		263B2C9024949D6C003D25C1 /* ToDoListTests.swift in Sources */ = {isa = PBXBuildFile; fileRef = 263B2C8F24949D6C003D25C1 /* ToDoListTests.swift */; };
		263B2C9B24949D6C003D25C1 /* ToDoListUITests.swift in Sources */ = {isa = PBXBuildFile; fileRef = 263B2C9A24949D6C003D25C1 /* ToDoListUITests.swift */; };
		26F1557C24A24C8400D10050 /* Onboarding.storyboard in Resources */ = {isa = PBXBuildFile; fileRef = 26F1557B24A24C8400D10050 /* Onboarding.storyboard */; };
		26F1557F24A24CE100D10050 /* WelcomeViewController.swift in Sources */ = {isa = PBXBuildFile; fileRef = 26F1557E24A24CE100D10050 /* WelcomeViewController.swift */; };
		26F1558124A24CFE00D10050 /* CalenderViewController.swift in Sources */ = {isa = PBXBuildFile; fileRef = 26F1558024A24CFE00D10050 /* CalenderViewController.swift */; };
		26F1558324A24D1900D10050 /* ReadyViewController.swift in Sources */ = {isa = PBXBuildFile; fileRef = 26F1558224A24D1900D10050 /* ReadyViewController.swift */; };
		26F1558524A2503000D10050 /* HomeTabBarController.swift in Sources */ = {isa = PBXBuildFile; fileRef = 26F1558424A2503000D10050 /* HomeTabBarController.swift */; };
		6FF86F37DAABB89A890BDDA7 /* Pods_ToDoList.framework in Frameworks */ = {isa = PBXBuildFile; fileRef = C43176FF46E5131EF60D792E /* Pods_ToDoList.framework */; };
		A246247E24992F420098A710 /* UIColorExtension.swift in Sources */ = {isa = PBXBuildFile; fileRef = A246247D24992F420098A710 /* UIColorExtension.swift */; };
		A24624802499352F0098A710 /* FSCalendarExtensions.swift in Sources */ = {isa = PBXBuildFile; fileRef = A246247F2499352F0098A710 /* FSCalendarExtensions.swift */; };
		A24B612624988A62009D1D80 /* SettingCell.swift in Sources */ = {isa = PBXBuildFile; fileRef = A24B612524988A62009D1D80 /* SettingCell.swift */; };
		A24B612B2498AD89009D1D80 /* SettingsTableViewController.swift in Sources */ = {isa = PBXBuildFile; fileRef = A24B612A2498AD89009D1D80 /* SettingsTableViewController.swift */; };
		A260B32024A7510700C1601E /* BLTNDataSource.swift in Sources */ = {isa = PBXBuildFile; fileRef = A260B31F24A7510700C1601E /* BLTNDataSource.swift */; };
		A260B32324A7514000C1601E /* TaskPageBLTNItem.swift in Sources */ = {isa = PBXBuildFile; fileRef = A260B32224A7514000C1601E /* TaskPageBLTNItem.swift */; };
		A260B32624A752F400C1601E /* FeedbackGenerators.swift in Sources */ = {isa = PBXBuildFile; fileRef = A260B32524A752F400C1601E /* FeedbackGenerators.swift */; };
		A2696EC4249DDD9200A545AD /* GoogleService-Info.plist in Resources */ = {isa = PBXBuildFile; fileRef = A2696EC3249DDD9200A545AD /* GoogleService-Info.plist */; };
		A273D419249DE53E00275C79 /* StringExtension.swift in Sources */ = {isa = PBXBuildFile; fileRef = A273D418249DE53D00275C79 /* StringExtension.swift */; };
		A273D41B249DE55300275C79 /* DateExtension.swift in Sources */ = {isa = PBXBuildFile; fileRef = A273D41A249DE55300275C79 /* DateExtension.swift */; };
		A273D41D249DE59100275C79 /* TaskArchive.swift in Sources */ = {isa = PBXBuildFile; fileRef = A273D41C249DE59100275C79 /* TaskArchive.swift */; };
		A273D41F249DE5E500275C79 /* Task.swift in Sources */ = {isa = PBXBuildFile; fileRef = A273D41E249DE5E500275C79 /* Task.swift */; };
		A2A6DBC824A46EEF00381B29 /* AboutViewController.swift in Sources */ = {isa = PBXBuildFile; fileRef = A2A6DBC724A46EEF00381B29 /* AboutViewController.swift */; };
		A2A6DBCA24A472C600381B29 /* ThemeSettingViewController.swift in Sources */ = {isa = PBXBuildFile; fileRef = A2A6DBC924A472C600381B29 /* ThemeSettingViewController.swift */; };
		A2B059CD2498D74800189945 /* UIViewExtenstion.swift in Sources */ = {isa = PBXBuildFile; fileRef = A2B059CC2498D74800189945 /* UIViewExtenstion.swift */; };
		A2B059CF2498D91A00189945 /* MenuListController.swift in Sources */ = {isa = PBXBuildFile; fileRef = A2B059CE2498D91A00189945 /* MenuListController.swift */; };
		A2E5067B24991010007507E2 /* CalendarViewController.swift in Sources */ = {isa = PBXBuildFile; fileRef = A2E5067A24991010007507E2 /* CalendarViewController.swift */; };
		A2E5068024992700007507E2 /* DailyTaskCell.swift in Sources */ = {isa = PBXBuildFile; fileRef = A2E5067F24992700007507E2 /* DailyTaskCell.swift */; };
		A2FB9B8724A63EEC0085D040 /* AddTaskButton.swift in Sources */ = {isa = PBXBuildFile; fileRef = A2FB9B8624A63EEC0085D040 /* AddTaskButton.swift */; };
		D41B1EA13DB483A7A8270574 /* Pods_ToDoListTests.framework in Frameworks */ = {isa = PBXBuildFile; fileRef = 5EDA84E84265296522B11723 /* Pods_ToDoListTests.framework */; };
/* End PBXBuildFile section */

/* Begin PBXContainerItemProxy section */
		263B2C8C24949D6C003D25C1 /* PBXContainerItemProxy */ = {
			isa = PBXContainerItemProxy;
			containerPortal = 263B2C6A24949D64003D25C1 /* Project object */;
			proxyType = 1;
			remoteGlobalIDString = 263B2C7124949D64003D25C1;
			remoteInfo = ToDoList;
		};
		263B2C9724949D6C003D25C1 /* PBXContainerItemProxy */ = {
			isa = PBXContainerItemProxy;
			containerPortal = 263B2C6A24949D64003D25C1 /* Project object */;
			proxyType = 1;
			remoteGlobalIDString = 263B2C7124949D64003D25C1;
			remoteInfo = ToDoList;
		};
/* End PBXContainerItemProxy section */

/* Begin PBXFileReference section */
		00520F59D95D306400FEB396 /* Pods-ToDoListTests.debug.xcconfig */ = {isa = PBXFileReference; includeInIndex = 1; lastKnownFileType = text.xcconfig; name = "Pods-ToDoListTests.debug.xcconfig"; path = "Target Support Files/Pods-ToDoListTests/Pods-ToDoListTests.debug.xcconfig"; sourceTree = "<group>"; };
		262301FD249B656000DB1E36 /* PomodoroController.swift */ = {isa = PBXFileReference; fileEncoding = 4; lastKnownFileType = sourcecode.swift; path = PomodoroController.swift; sourceTree = "<group>"; };
		263B2C7224949D64003D25C1 /* ToDoList.app */ = {isa = PBXFileReference; explicitFileType = wrapper.application; includeInIndex = 0; path = ToDoList.app; sourceTree = BUILT_PRODUCTS_DIR; };
		263B2C7524949D65003D25C1 /* AppDelegate.swift */ = {isa = PBXFileReference; lastKnownFileType = sourcecode.swift; path = AppDelegate.swift; sourceTree = "<group>"; };
		263B2C7724949D65003D25C1 /* SceneDelegate.swift */ = {isa = PBXFileReference; lastKnownFileType = sourcecode.swift; path = SceneDelegate.swift; sourceTree = "<group>"; };
		263B2C7924949D65003D25C1 /* ViewController.swift */ = {isa = PBXFileReference; lastKnownFileType = sourcecode.swift; path = ViewController.swift; sourceTree = "<group>"; };
		263B2C7C24949D65003D25C1 /* Base */ = {isa = PBXFileReference; lastKnownFileType = file.storyboard; name = Base; path = Base.lproj/Main.storyboard; sourceTree = "<group>"; };
		263B2C7F24949D65003D25C1 /* ToDoList.xcdatamodel */ = {isa = PBXFileReference; lastKnownFileType = wrapper.xcdatamodel; path = ToDoList.xcdatamodel; sourceTree = "<group>"; };
		263B2C8124949D6B003D25C1 /* Assets.xcassets */ = {isa = PBXFileReference; lastKnownFileType = folder.assetcatalog; path = Assets.xcassets; sourceTree = "<group>"; };
		263B2C8424949D6B003D25C1 /* Base */ = {isa = PBXFileReference; lastKnownFileType = file.storyboard; name = Base; path = Base.lproj/LaunchScreen.storyboard; sourceTree = "<group>"; };
		263B2C8624949D6B003D25C1 /* Info.plist */ = {isa = PBXFileReference; lastKnownFileType = text.plist.xml; path = Info.plist; sourceTree = "<group>"; };
		263B2C8B24949D6C003D25C1 /* ToDoListTests.xctest */ = {isa = PBXFileReference; explicitFileType = wrapper.cfbundle; includeInIndex = 0; path = ToDoListTests.xctest; sourceTree = BUILT_PRODUCTS_DIR; };
		263B2C8F24949D6C003D25C1 /* ToDoListTests.swift */ = {isa = PBXFileReference; lastKnownFileType = sourcecode.swift; path = ToDoListTests.swift; sourceTree = "<group>"; };
		263B2C9124949D6C003D25C1 /* Info.plist */ = {isa = PBXFileReference; lastKnownFileType = text.plist.xml; path = Info.plist; sourceTree = "<group>"; };
		263B2C9624949D6C003D25C1 /* ToDoListUITests.xctest */ = {isa = PBXFileReference; explicitFileType = wrapper.cfbundle; includeInIndex = 0; path = ToDoListUITests.xctest; sourceTree = BUILT_PRODUCTS_DIR; };
		263B2C9A24949D6C003D25C1 /* ToDoListUITests.swift */ = {isa = PBXFileReference; lastKnownFileType = sourcecode.swift; path = ToDoListUITests.swift; sourceTree = "<group>"; };
		263B2C9C24949D6C003D25C1 /* Info.plist */ = {isa = PBXFileReference; lastKnownFileType = text.plist.xml; path = Info.plist; sourceTree = "<group>"; };
		26F1557B24A24C8400D10050 /* Onboarding.storyboard */ = {isa = PBXFileReference; lastKnownFileType = file.storyboard; path = Onboarding.storyboard; sourceTree = "<group>"; };
		26F1557E24A24CE100D10050 /* WelcomeViewController.swift */ = {isa = PBXFileReference; lastKnownFileType = sourcecode.swift; path = WelcomeViewController.swift; sourceTree = "<group>"; };
		26F1558024A24CFE00D10050 /* CalenderViewController.swift */ = {isa = PBXFileReference; lastKnownFileType = sourcecode.swift; path = CalenderViewController.swift; sourceTree = "<group>"; };
		26F1558224A24D1900D10050 /* ReadyViewController.swift */ = {isa = PBXFileReference; lastKnownFileType = sourcecode.swift; path = ReadyViewController.swift; sourceTree = "<group>"; };
		26F1558424A2503000D10050 /* HomeTabBarController.swift */ = {isa = PBXFileReference; lastKnownFileType = sourcecode.swift; name = HomeTabBarController.swift; path = Onboarding/HomeTabBarController.swift; sourceTree = "<group>"; };
		51004EC235CD5F37B369341E /* Pods-ToDoList-ToDoListUITests.debug.xcconfig */ = {isa = PBXFileReference; includeInIndex = 1; lastKnownFileType = text.xcconfig; name = "Pods-ToDoList-ToDoListUITests.debug.xcconfig"; path = "Target Support Files/Pods-ToDoList-ToDoListUITests/Pods-ToDoList-ToDoListUITests.debug.xcconfig"; sourceTree = "<group>"; };
		5EDA84E84265296522B11723 /* Pods_ToDoListTests.framework */ = {isa = PBXFileReference; explicitFileType = wrapper.framework; includeInIndex = 0; path = Pods_ToDoListTests.framework; sourceTree = BUILT_PRODUCTS_DIR; };
		63014A5B8096A23DB4E937AF /* Pods-ToDoList-ToDoListUITests.release.xcconfig */ = {isa = PBXFileReference; includeInIndex = 1; lastKnownFileType = text.xcconfig; name = "Pods-ToDoList-ToDoListUITests.release.xcconfig"; path = "Target Support Files/Pods-ToDoList-ToDoListUITests/Pods-ToDoList-ToDoListUITests.release.xcconfig"; sourceTree = "<group>"; };
		6893F339DE10E274F2D39E43 /* Pods_ToDoList_ToDoListUITests.framework */ = {isa = PBXFileReference; explicitFileType = wrapper.framework; includeInIndex = 0; path = Pods_ToDoList_ToDoListUITests.framework; sourceTree = BUILT_PRODUCTS_DIR; };
		96327F9EA17A90C8526D186F /* Pods-ToDoListTests.release.xcconfig */ = {isa = PBXFileReference; includeInIndex = 1; lastKnownFileType = text.xcconfig; name = "Pods-ToDoListTests.release.xcconfig"; path = "Target Support Files/Pods-ToDoListTests/Pods-ToDoListTests.release.xcconfig"; sourceTree = "<group>"; };
		A246247D24992F420098A710 /* UIColorExtension.swift */ = {isa = PBXFileReference; lastKnownFileType = sourcecode.swift; path = UIColorExtension.swift; sourceTree = "<group>"; };
		A246247F2499352F0098A710 /* FSCalendarExtensions.swift */ = {isa = PBXFileReference; lastKnownFileType = sourcecode.swift; path = FSCalendarExtensions.swift; sourceTree = "<group>"; };
		A24B612524988A62009D1D80 /* SettingCell.swift */ = {isa = PBXFileReference; lastKnownFileType = sourcecode.swift; path = SettingCell.swift; sourceTree = "<group>"; };
		A24B612A2498AD89009D1D80 /* SettingsTableViewController.swift */ = {isa = PBXFileReference; lastKnownFileType = sourcecode.swift; path = SettingsTableViewController.swift; sourceTree = "<group>"; };
		A260B31F24A7510700C1601E /* BLTNDataSource.swift */ = {isa = PBXFileReference; lastKnownFileType = sourcecode.swift; path = BLTNDataSource.swift; sourceTree = "<group>"; };
		A260B32224A7514000C1601E /* TaskPageBLTNItem.swift */ = {isa = PBXFileReference; lastKnownFileType = sourcecode.swift; path = TaskPageBLTNItem.swift; sourceTree = "<group>"; };
		A260B32524A752F400C1601E /* FeedbackGenerators.swift */ = {isa = PBXFileReference; fileEncoding = 4; lastKnownFileType = sourcecode.swift; path = FeedbackGenerators.swift; sourceTree = "<group>"; };
		A2696EC3249DDD9200A545AD /* GoogleService-Info.plist */ = {isa = PBXFileReference; fileEncoding = 4; lastKnownFileType = text.plist.xml; path = "GoogleService-Info.plist"; sourceTree = "<group>"; };
		A273D418249DE53D00275C79 /* StringExtension.swift */ = {isa = PBXFileReference; lastKnownFileType = sourcecode.swift; path = StringExtension.swift; sourceTree = "<group>"; };
		A273D41A249DE55300275C79 /* DateExtension.swift */ = {isa = PBXFileReference; lastKnownFileType = sourcecode.swift; path = DateExtension.swift; sourceTree = "<group>"; };
		A273D41C249DE59100275C79 /* TaskArchive.swift */ = {isa = PBXFileReference; lastKnownFileType = sourcecode.swift; path = TaskArchive.swift; sourceTree = "<group>"; };
		A273D41E249DE5E500275C79 /* Task.swift */ = {isa = PBXFileReference; lastKnownFileType = sourcecode.swift; path = Task.swift; sourceTree = "<group>"; };
		A2A6DBC724A46EEF00381B29 /* AboutViewController.swift */ = {isa = PBXFileReference; lastKnownFileType = sourcecode.swift; path = AboutViewController.swift; sourceTree = "<group>"; };
		A2A6DBC924A472C600381B29 /* ThemeSettingViewController.swift */ = {isa = PBXFileReference; lastKnownFileType = sourcecode.swift; path = ThemeSettingViewController.swift; sourceTree = "<group>"; };
		A2B059CC2498D74800189945 /* UIViewExtenstion.swift */ = {isa = PBXFileReference; lastKnownFileType = sourcecode.swift; name = UIViewExtenstion.swift; path = ToDoList/Extensions/UIViewExtenstion.swift; sourceTree = SOURCE_ROOT; };
		A2B059CE2498D91A00189945 /* MenuListController.swift */ = {isa = PBXFileReference; lastKnownFileType = sourcecode.swift; path = MenuListController.swift; sourceTree = "<group>"; };
		A2E5067A24991010007507E2 /* CalendarViewController.swift */ = {isa = PBXFileReference; lastKnownFileType = sourcecode.swift; path = CalendarViewController.swift; sourceTree = "<group>"; };
		A2E5067F24992700007507E2 /* DailyTaskCell.swift */ = {isa = PBXFileReference; lastKnownFileType = sourcecode.swift; path = DailyTaskCell.swift; sourceTree = "<group>"; };
		A2FB9B8624A63EEC0085D040 /* AddTaskButton.swift */ = {isa = PBXFileReference; lastKnownFileType = sourcecode.swift; name = AddTaskButton.swift; path = ToDoList/AddTaskButton.swift; sourceTree = "<group>"; };
		C43176FF46E5131EF60D792E /* Pods_ToDoList.framework */ = {isa = PBXFileReference; explicitFileType = wrapper.framework; includeInIndex = 0; path = Pods_ToDoList.framework; sourceTree = BUILT_PRODUCTS_DIR; };
		D53CD909C3EF17F3A2F118F5 /* Pods-ToDoList.debug.xcconfig */ = {isa = PBXFileReference; includeInIndex = 1; lastKnownFileType = text.xcconfig; name = "Pods-ToDoList.debug.xcconfig"; path = "Target Support Files/Pods-ToDoList/Pods-ToDoList.debug.xcconfig"; sourceTree = "<group>"; };
		EFA54AA825814E290D129B7B /* Pods-ToDoList.release.xcconfig */ = {isa = PBXFileReference; includeInIndex = 1; lastKnownFileType = text.xcconfig; name = "Pods-ToDoList.release.xcconfig"; path = "Target Support Files/Pods-ToDoList/Pods-ToDoList.release.xcconfig"; sourceTree = "<group>"; };
/* End PBXFileReference section */

/* Begin PBXFrameworksBuildPhase section */
		263B2C6F24949D64003D25C1 /* Frameworks */ = {
			isa = PBXFrameworksBuildPhase;
			buildActionMask = 2147483647;
			files = (
				6FF86F37DAABB89A890BDDA7 /* Pods_ToDoList.framework in Frameworks */,
			);
			runOnlyForDeploymentPostprocessing = 0;
		};
		263B2C8824949D6C003D25C1 /* Frameworks */ = {
			isa = PBXFrameworksBuildPhase;
			buildActionMask = 2147483647;
			files = (
				D41B1EA13DB483A7A8270574 /* Pods_ToDoListTests.framework in Frameworks */,
			);
			runOnlyForDeploymentPostprocessing = 0;
		};
		263B2C9324949D6C003D25C1 /* Frameworks */ = {
			isa = PBXFrameworksBuildPhase;
			buildActionMask = 2147483647;
			files = (
				19B764E42BA2A4F497184CD8 /* Pods_ToDoList_ToDoListUITests.framework in Frameworks */,
			);
			runOnlyForDeploymentPostprocessing = 0;
		};
/* End PBXFrameworksBuildPhase section */

/* Begin PBXGroup section */
		262301FC249B642900DB1E36 /* Pomodoro */ = {
			isa = PBXGroup;
			children = (
				262301FD249B656000DB1E36 /* PomodoroController.swift */,
			);
			path = Pomodoro;
			sourceTree = "<group>";
		};
		263B2C6924949D64003D25C1 = {
			isa = PBXGroup;
			children = (
				263B2C7424949D64003D25C1 /* ToDoList */,
				263B2C8E24949D6C003D25C1 /* ToDoListTests */,
				263B2C9924949D6C003D25C1 /* ToDoListUITests */,
				263B2C7324949D64003D25C1 /* Products */,
				88C2DB7CB92A05123BFBFE92 /* Pods */,
				F3EF1E45355C400C86CD56FC /* Frameworks */,
			);
			sourceTree = "<group>";
		};
		263B2C7324949D64003D25C1 /* Products */ = {
			isa = PBXGroup;
			children = (
				263B2C7224949D64003D25C1 /* ToDoList.app */,
				263B2C8B24949D6C003D25C1 /* ToDoListTests.xctest */,
				263B2C9624949D6C003D25C1 /* ToDoListUITests.xctest */,
			);
			name = Products;
			sourceTree = "<group>";
		};
		263B2C7424949D64003D25C1 /* ToDoList */ = {
			isa = PBXGroup;
			children = (
				A2FB9B8A24A643130085D040 /* Task */,
				262301FC249B642900DB1E36 /* Pomodoro */,
				A2E5067C249911A7007507E2 /* Calendar */,
				A24B612724989D68009D1D80 /* Setting */,
				26F1557D24A24C9300D10050 /* Onboarding */,
				A2B059D02498D94A00189945 /* SideMenu */,
				A2FB9B8524A63EB10085D040 /* addTaskButton */,
				A260B32124A7510C00C1601E /* BLTN */,
				A260B32424A7529A00C1601E /* Supporting Files */,
				263B2C7524949D65003D25C1 /* AppDelegate.swift */,
				263B2C7724949D65003D25C1 /* SceneDelegate.swift */,
				26F1558424A2503000D10050 /* HomeTabBarController.swift */,
				263B2C7B24949D65003D25C1 /* Main.storyboard */,
				263B2C8124949D6B003D25C1 /* Assets.xcassets */,
				263B2C8324949D6B003D25C1 /* LaunchScreen.storyboard */,
				263B2C8624949D6B003D25C1 /* Info.plist */,
				A2696EC3249DDD9200A545AD /* GoogleService-Info.plist */,
				263B2C7E24949D65003D25C1 /* ToDoList.xcdatamodeld */,
				A2B059D12498D96700189945 /* Extensions */,
			);
			path = ToDoList;
			sourceTree = "<group>";
		};
		263B2C8E24949D6C003D25C1 /* ToDoListTests */ = {
			isa = PBXGroup;
			children = (
				263B2C8F24949D6C003D25C1 /* ToDoListTests.swift */,
				263B2C9124949D6C003D25C1 /* Info.plist */,
			);
			path = ToDoListTests;
			sourceTree = "<group>";
		};
		263B2C9924949D6C003D25C1 /* ToDoListUITests */ = {
			isa = PBXGroup;
			children = (
				263B2C9A24949D6C003D25C1 /* ToDoListUITests.swift */,
				263B2C9C24949D6C003D25C1 /* Info.plist */,
			);
			path = ToDoListUITests;
			sourceTree = "<group>";
		};
		26F1557D24A24C9300D10050 /* Onboarding */ = {
			isa = PBXGroup;
			children = (
				26F1557B24A24C8400D10050 /* Onboarding.storyboard */,
				26F1557E24A24CE100D10050 /* WelcomeViewController.swift */,
				26F1558024A24CFE00D10050 /* CalenderViewController.swift */,
				26F1558224A24D1900D10050 /* ReadyViewController.swift */,
			);
			path = Onboarding;
			sourceTree = "<group>";
		};
		88C2DB7CB92A05123BFBFE92 /* Pods */ = {
			isa = PBXGroup;
			children = (
				D53CD909C3EF17F3A2F118F5 /* Pods-ToDoList.debug.xcconfig */,
				EFA54AA825814E290D129B7B /* Pods-ToDoList.release.xcconfig */,
				51004EC235CD5F37B369341E /* Pods-ToDoList-ToDoListUITests.debug.xcconfig */,
				63014A5B8096A23DB4E937AF /* Pods-ToDoList-ToDoListUITests.release.xcconfig */,
				00520F59D95D306400FEB396 /* Pods-ToDoListTests.debug.xcconfig */,
				96327F9EA17A90C8526D186F /* Pods-ToDoListTests.release.xcconfig */,
			);
			path = Pods;
			sourceTree = "<group>";
		};
		A24B612724989D68009D1D80 /* Setting */ = {
			isa = PBXGroup;
			children = (
				A24B612A2498AD89009D1D80 /* SettingsTableViewController.swift */,
				A24B612524988A62009D1D80 /* SettingCell.swift */,
				A2A6DBC924A472C600381B29 /* ThemeSettingViewController.swift */,
				A2A6DBC724A46EEF00381B29 /* AboutViewController.swift */,
			);
			path = Setting;
			sourceTree = "<group>";
		};
		A260B32124A7510C00C1601E /* BLTN */ = {
			isa = PBXGroup;
			children = (
				A260B31F24A7510700C1601E /* BLTNDataSource.swift */,
				A260B32224A7514000C1601E /* TaskPageBLTNItem.swift */,
			);
			path = BLTN;
			sourceTree = "<group>";
		};
		A260B32424A7529A00C1601E /* Supporting Files */ = {
			isa = PBXGroup;
			children = (
				A260B32524A752F400C1601E /* FeedbackGenerators.swift */,
			);
			path = "Supporting Files";
			sourceTree = "<group>";
		};
		A2B059D02498D94A00189945 /* SideMenu */ = {
			isa = PBXGroup;
			children = (
				A2B059CE2498D91A00189945 /* MenuListController.swift */,
			);
			path = SideMenu;
			sourceTree = "<group>";
		};
		A2B059D12498D96700189945 /* Extensions */ = {
			isa = PBXGroup;
			children = (
				A2B059CC2498D74800189945 /* UIViewExtenstion.swift */,
				A246247D24992F420098A710 /* UIColorExtension.swift */,
				A273D418249DE53D00275C79 /* StringExtension.swift */,
				A273D41A249DE55300275C79 /* DateExtension.swift */,
			);
			path = Extensions;
			sourceTree = "<group>";
		};
		A2E5067C249911A7007507E2 /* Calendar */ = {
			isa = PBXGroup;
			children = (
				A2E5067A24991010007507E2 /* CalendarViewController.swift */,
				A273D41E249DE5E500275C79 /* Task.swift */,
				A273D41C249DE59100275C79 /* TaskArchive.swift */,
				A2E5067F24992700007507E2 /* DailyTaskCell.swift */,
				A246247F2499352F0098A710 /* FSCalendarExtensions.swift */,
			);
			path = Calendar;
			sourceTree = "<group>";
		};
		A2FB9B8524A63EB10085D040 /* addTaskButton */ = {
			isa = PBXGroup;
			children = (
				A2FB9B8624A63EEC0085D040 /* AddTaskButton.swift */,
			);
			name = addTaskButton;
			path = ..;
			sourceTree = "<group>";
		};
		A2FB9B8A24A643130085D040 /* Task */ = {
			isa = PBXGroup;
			children = (
				263B2C7924949D65003D25C1 /* ViewController.swift */,
			);
			path = Task;
			sourceTree = "<group>";
		};
		F3EF1E45355C400C86CD56FC /* Frameworks */ = {
			isa = PBXGroup;
			children = (
				C43176FF46E5131EF60D792E /* Pods_ToDoList.framework */,
				6893F339DE10E274F2D39E43 /* Pods_ToDoList_ToDoListUITests.framework */,
				5EDA84E84265296522B11723 /* Pods_ToDoListTests.framework */,
			);
			name = Frameworks;
			sourceTree = "<group>";
		};
/* End PBXGroup section */

/* Begin PBXNativeTarget section */
		263B2C7124949D64003D25C1 /* ToDoList */ = {
			isa = PBXNativeTarget;
			buildConfigurationList = 263B2C9F24949D6C003D25C1 /* Build configuration list for PBXNativeTarget "ToDoList" */;
			buildPhases = (
				B79201D916394E2908569C00 /* [CP] Check Pods Manifest.lock */,
				263B2C6E24949D64003D25C1 /* Sources */,
				263B2C6F24949D64003D25C1 /* Frameworks */,
				263B2C7024949D64003D25C1 /* Resources */,
				A026B1FF39DB8808D587B158 /* [CP] Embed Pods Frameworks */,
			);
			buildRules = (
			);
			dependencies = (
			);
			name = ToDoList;
			productName = ToDoList;
			productReference = 263B2C7224949D64003D25C1 /* ToDoList.app */;
			productType = "com.apple.product-type.application";
		};
		263B2C8A24949D6C003D25C1 /* ToDoListTests */ = {
			isa = PBXNativeTarget;
			buildConfigurationList = 263B2CA224949D6C003D25C1 /* Build configuration list for PBXNativeTarget "ToDoListTests" */;
			buildPhases = (
				3ADC8473E7943C15F6CC9B2F /* [CP] Check Pods Manifest.lock */,
				263B2C8724949D6C003D25C1 /* Sources */,
				263B2C8824949D6C003D25C1 /* Frameworks */,
				263B2C8924949D6C003D25C1 /* Resources */,
			);
			buildRules = (
			);
			dependencies = (
				263B2C8D24949D6C003D25C1 /* PBXTargetDependency */,
			);
			name = ToDoListTests;
			productName = ToDoListTests;
			productReference = 263B2C8B24949D6C003D25C1 /* ToDoListTests.xctest */;
			productType = "com.apple.product-type.bundle.unit-test";
		};
		263B2C9524949D6C003D25C1 /* ToDoListUITests */ = {
			isa = PBXNativeTarget;
			buildConfigurationList = 263B2CA524949D6C003D25C1 /* Build configuration list for PBXNativeTarget "ToDoListUITests" */;
			buildPhases = (
				2CA379EC6C3987EB28C63FF6 /* [CP] Check Pods Manifest.lock */,
				263B2C9224949D6C003D25C1 /* Sources */,
				263B2C9324949D6C003D25C1 /* Frameworks */,
				263B2C9424949D6C003D25C1 /* Resources */,
				D0C93E59FE8BCA4E869438A4 /* [CP] Embed Pods Frameworks */,
			);
			buildRules = (
			);
			dependencies = (
				263B2C9824949D6C003D25C1 /* PBXTargetDependency */,
			);
			name = ToDoListUITests;
			productName = ToDoListUITests;
			productReference = 263B2C9624949D6C003D25C1 /* ToDoListUITests.xctest */;
			productType = "com.apple.product-type.bundle.ui-testing";
		};
/* End PBXNativeTarget section */

/* Begin PBXProject section */
		263B2C6A24949D64003D25C1 /* Project object */ = {
			isa = PBXProject;
			attributes = {
				LastSwiftUpdateCheck = 1100;
				LastUpgradeCheck = 1100;
				ORGANIZATIONNAME = tina;
				TargetAttributes = {
					263B2C7124949D64003D25C1 = {
						CreatedOnToolsVersion = 11.0;
					};
					263B2C8A24949D6C003D25C1 = {
						CreatedOnToolsVersion = 11.0;
						TestTargetID = 263B2C7124949D64003D25C1;
					};
					263B2C9524949D6C003D25C1 = {
						CreatedOnToolsVersion = 11.0;
						TestTargetID = 263B2C7124949D64003D25C1;
					};
				};
			};
			buildConfigurationList = 263B2C6D24949D64003D25C1 /* Build configuration list for PBXProject "ToDoList" */;
			compatibilityVersion = "Xcode 9.3";
			developmentRegion = en;
			hasScannedForEncodings = 0;
			knownRegions = (
				en,
				Base,
			);
			mainGroup = 263B2C6924949D64003D25C1;
			productRefGroup = 263B2C7324949D64003D25C1 /* Products */;
			projectDirPath = "";
			projectRoot = "";
			targets = (
				263B2C7124949D64003D25C1 /* ToDoList */,
				263B2C8A24949D6C003D25C1 /* ToDoListTests */,
				263B2C9524949D6C003D25C1 /* ToDoListUITests */,
			);
		};
/* End PBXProject section */

/* Begin PBXResourcesBuildPhase section */
		263B2C7024949D64003D25C1 /* Resources */ = {
			isa = PBXResourcesBuildPhase;
			buildActionMask = 2147483647;
			files = (
				263B2C8524949D6B003D25C1 /* LaunchScreen.storyboard in Resources */,
				26F1557C24A24C8400D10050 /* Onboarding.storyboard in Resources */,
				A2696EC4249DDD9200A545AD /* GoogleService-Info.plist in Resources */,
				263B2C8224949D6B003D25C1 /* Assets.xcassets in Resources */,
				263B2C7D24949D65003D25C1 /* Main.storyboard in Resources */,
			);
			runOnlyForDeploymentPostprocessing = 0;
		};
		263B2C8924949D6C003D25C1 /* Resources */ = {
			isa = PBXResourcesBuildPhase;
			buildActionMask = 2147483647;
			files = (
			);
			runOnlyForDeploymentPostprocessing = 0;
		};
		263B2C9424949D6C003D25C1 /* Resources */ = {
			isa = PBXResourcesBuildPhase;
			buildActionMask = 2147483647;
			files = (
			);
			runOnlyForDeploymentPostprocessing = 0;
		};
/* End PBXResourcesBuildPhase section */

/* Begin PBXShellScriptBuildPhase section */
		2CA379EC6C3987EB28C63FF6 /* [CP] Check Pods Manifest.lock */ = {
			isa = PBXShellScriptBuildPhase;
			buildActionMask = 2147483647;
			files = (
			);
			inputFileListPaths = (
			);
			inputPaths = (
				"${PODS_PODFILE_DIR_PATH}/Podfile.lock",
				"${PODS_ROOT}/Manifest.lock",
			);
			name = "[CP] Check Pods Manifest.lock";
			outputFileListPaths = (
			);
			outputPaths = (
				"$(DERIVED_FILE_DIR)/Pods-ToDoList-ToDoListUITests-checkManifestLockResult.txt",
			);
			runOnlyForDeploymentPostprocessing = 0;
			shellPath = /bin/sh;
			shellScript = "diff \"${PODS_PODFILE_DIR_PATH}/Podfile.lock\" \"${PODS_ROOT}/Manifest.lock\" > /dev/null\nif [ $? != 0 ] ; then\n    # print error to STDERR\n    echo \"error: The sandbox is not in sync with the Podfile.lock. Run 'pod install' or update your CocoaPods installation.\" >&2\n    exit 1\nfi\n# This output is used by Xcode 'outputs' to avoid re-running this script phase.\necho \"SUCCESS\" > \"${SCRIPT_OUTPUT_FILE_0}\"\n";
			showEnvVarsInLog = 0;
		};
		3ADC8473E7943C15F6CC9B2F /* [CP] Check Pods Manifest.lock */ = {
			isa = PBXShellScriptBuildPhase;
			buildActionMask = 2147483647;
			files = (
			);
			inputFileListPaths = (
			);
			inputPaths = (
				"${PODS_PODFILE_DIR_PATH}/Podfile.lock",
				"${PODS_ROOT}/Manifest.lock",
			);
			name = "[CP] Check Pods Manifest.lock";
			outputFileListPaths = (
			);
			outputPaths = (
				"$(DERIVED_FILE_DIR)/Pods-ToDoListTests-checkManifestLockResult.txt",
			);
			runOnlyForDeploymentPostprocessing = 0;
			shellPath = /bin/sh;
			shellScript = "diff \"${PODS_PODFILE_DIR_PATH}/Podfile.lock\" \"${PODS_ROOT}/Manifest.lock\" > /dev/null\nif [ $? != 0 ] ; then\n    # print error to STDERR\n    echo \"error: The sandbox is not in sync with the Podfile.lock. Run 'pod install' or update your CocoaPods installation.\" >&2\n    exit 1\nfi\n# This output is used by Xcode 'outputs' to avoid re-running this script phase.\necho \"SUCCESS\" > \"${SCRIPT_OUTPUT_FILE_0}\"\n";
			showEnvVarsInLog = 0;
		};
		A026B1FF39DB8808D587B158 /* [CP] Embed Pods Frameworks */ = {
			isa = PBXShellScriptBuildPhase;
			buildActionMask = 2147483647;
			files = (
			);
			inputFileListPaths = (
				"${PODS_ROOT}/Target Support Files/Pods-ToDoList/Pods-ToDoList-frameworks-${CONFIGURATION}-input-files.xcfilelist",
			);
			name = "[CP] Embed Pods Frameworks";
			outputFileListPaths = (
				"${PODS_ROOT}/Target Support Files/Pods-ToDoList/Pods-ToDoList-frameworks-${CONFIGURATION}-output-files.xcfilelist",
			);
			runOnlyForDeploymentPostprocessing = 0;
			shellPath = /bin/sh;
			shellScript = "\"${PODS_ROOT}/Target Support Files/Pods-ToDoList/Pods-ToDoList-frameworks.sh\"\n";
			showEnvVarsInLog = 0;
		};
		B79201D916394E2908569C00 /* [CP] Check Pods Manifest.lock */ = {
			isa = PBXShellScriptBuildPhase;
			buildActionMask = 2147483647;
			files = (
			);
			inputFileListPaths = (
			);
			inputPaths = (
				"${PODS_PODFILE_DIR_PATH}/Podfile.lock",
				"${PODS_ROOT}/Manifest.lock",
			);
			name = "[CP] Check Pods Manifest.lock";
			outputFileListPaths = (
			);
			outputPaths = (
				"$(DERIVED_FILE_DIR)/Pods-ToDoList-checkManifestLockResult.txt",
			);
			runOnlyForDeploymentPostprocessing = 0;
			shellPath = /bin/sh;
			shellScript = "diff \"${PODS_PODFILE_DIR_PATH}/Podfile.lock\" \"${PODS_ROOT}/Manifest.lock\" > /dev/null\nif [ $? != 0 ] ; then\n    # print error to STDERR\n    echo \"error: The sandbox is not in sync with the Podfile.lock. Run 'pod install' or update your CocoaPods installation.\" >&2\n    exit 1\nfi\n# This output is used by Xcode 'outputs' to avoid re-running this script phase.\necho \"SUCCESS\" > \"${SCRIPT_OUTPUT_FILE_0}\"\n";
			showEnvVarsInLog = 0;
		};
		D0C93E59FE8BCA4E869438A4 /* [CP] Embed Pods Frameworks */ = {
			isa = PBXShellScriptBuildPhase;
			buildActionMask = 2147483647;
			files = (
			);
			inputFileListPaths = (
				"${PODS_ROOT}/Target Support Files/Pods-ToDoList-ToDoListUITests/Pods-ToDoList-ToDoListUITests-frameworks-${CONFIGURATION}-input-files.xcfilelist",
			);
			name = "[CP] Embed Pods Frameworks";
			outputFileListPaths = (
				"${PODS_ROOT}/Target Support Files/Pods-ToDoList-ToDoListUITests/Pods-ToDoList-ToDoListUITests-frameworks-${CONFIGURATION}-output-files.xcfilelist",
			);
			runOnlyForDeploymentPostprocessing = 0;
			shellPath = /bin/sh;
			shellScript = "\"${PODS_ROOT}/Target Support Files/Pods-ToDoList-ToDoListUITests/Pods-ToDoList-ToDoListUITests-frameworks.sh\"\n";
			showEnvVarsInLog = 0;
		};
/* End PBXShellScriptBuildPhase section */

/* Begin PBXSourcesBuildPhase section */
		263B2C6E24949D64003D25C1 /* Sources */ = {
			isa = PBXSourcesBuildPhase;
			buildActionMask = 2147483647;
			files = (
				A273D41D249DE59100275C79 /* TaskArchive.swift in Sources */,
				26F1557F24A24CE100D10050 /* WelcomeViewController.swift in Sources */,
				262301FE249B656000DB1E36 /* PomodoroController.swift in Sources */,
				A260B32024A7510700C1601E /* BLTNDataSource.swift in Sources */,
				A24624802499352F0098A710 /* FSCalendarExtensions.swift in Sources */,
				A273D419249DE53E00275C79 /* StringExtension.swift in Sources */,
				A2B059CF2498D91A00189945 /* MenuListController.swift in Sources */,
				A260B32624A752F400C1601E /* FeedbackGenerators.swift in Sources */,
				263B2C7A24949D65003D25C1 /* ViewController.swift in Sources */,
				263B2C7624949D65003D25C1 /* AppDelegate.swift in Sources */,
				26F1558524A2503000D10050 /* HomeTabBarController.swift in Sources */,
				A260B32324A7514000C1601E /* TaskPageBLTNItem.swift in Sources */,
				263B2C7824949D65003D25C1 /* SceneDelegate.swift in Sources */,
				263B2C8024949D65003D25C1 /* ToDoList.xcdatamodeld in Sources */,
				A273D41B249DE55300275C79 /* DateExtension.swift in Sources */,
				A24B612624988A62009D1D80 /* SettingCell.swift in Sources */,
				26F1558324A24D1900D10050 /* ReadyViewController.swift in Sources */,
				A2FB9B8724A63EEC0085D040 /* AddTaskButton.swift in Sources */,
				A2E5068024992700007507E2 /* DailyTaskCell.swift in Sources */,
				A2E5067B24991010007507E2 /* CalendarViewController.swift in Sources */,
				A246247E24992F420098A710 /* UIColorExtension.swift in Sources */,
				A24B612B2498AD89009D1D80 /* SettingsTableViewController.swift in Sources */,
				26F1558124A24CFE00D10050 /* CalenderViewController.swift in Sources */,
				A273D41F249DE5E500275C79 /* Task.swift in Sources */,
				A2B059CD2498D74800189945 /* UIViewExtenstion.swift in Sources */,
				A2A6DBCA24A472C600381B29 /* ThemeSettingViewController.swift in Sources */,
				A2A6DBC824A46EEF00381B29 /* AboutViewController.swift in Sources */,
			);
			runOnlyForDeploymentPostprocessing = 0;
		};
		263B2C8724949D6C003D25C1 /* Sources */ = {
			isa = PBXSourcesBuildPhase;
			buildActionMask = 2147483647;
			files = (
				263B2C9024949D6C003D25C1 /* ToDoListTests.swift in Sources */,
			);
			runOnlyForDeploymentPostprocessing = 0;
		};
		263B2C9224949D6C003D25C1 /* Sources */ = {
			isa = PBXSourcesBuildPhase;
			buildActionMask = 2147483647;
			files = (
				263B2C9B24949D6C003D25C1 /* ToDoListUITests.swift in Sources */,
			);
			runOnlyForDeploymentPostprocessing = 0;
		};
/* End PBXSourcesBuildPhase section */

/* Begin PBXTargetDependency section */
		263B2C8D24949D6C003D25C1 /* PBXTargetDependency */ = {
			isa = PBXTargetDependency;
			target = 263B2C7124949D64003D25C1 /* ToDoList */;
			targetProxy = 263B2C8C24949D6C003D25C1 /* PBXContainerItemProxy */;
		};
		263B2C9824949D6C003D25C1 /* PBXTargetDependency */ = {
			isa = PBXTargetDependency;
			target = 263B2C7124949D64003D25C1 /* ToDoList */;
			targetProxy = 263B2C9724949D6C003D25C1 /* PBXContainerItemProxy */;
		};
/* End PBXTargetDependency section */

/* Begin PBXVariantGroup section */
		263B2C7B24949D65003D25C1 /* Main.storyboard */ = {
			isa = PBXVariantGroup;
			children = (
				263B2C7C24949D65003D25C1 /* Base */,
			);
			name = Main.storyboard;
			sourceTree = "<group>";
		};
		263B2C8324949D6B003D25C1 /* LaunchScreen.storyboard */ = {
			isa = PBXVariantGroup;
			children = (
				263B2C8424949D6B003D25C1 /* Base */,
			);
			name = LaunchScreen.storyboard;
			sourceTree = "<group>";
		};
/* End PBXVariantGroup section */

/* Begin XCBuildConfiguration section */
		263B2C9D24949D6C003D25C1 /* Debug */ = {
			isa = XCBuildConfiguration;
			buildSettings = {
				ALWAYS_SEARCH_USER_PATHS = NO;
				CLANG_ANALYZER_NONNULL = YES;
				CLANG_ANALYZER_NUMBER_OBJECT_CONVERSION = YES_AGGRESSIVE;
				CLANG_CXX_LANGUAGE_STANDARD = "gnu++14";
				CLANG_CXX_LIBRARY = "libc++";
				CLANG_ENABLE_MODULES = YES;
				CLANG_ENABLE_OBJC_ARC = YES;
				CLANG_ENABLE_OBJC_WEAK = YES;
				CLANG_WARN_BLOCK_CAPTURE_AUTORELEASING = YES;
				CLANG_WARN_BOOL_CONVERSION = YES;
				CLANG_WARN_COMMA = YES;
				CLANG_WARN_CONSTANT_CONVERSION = YES;
				CLANG_WARN_DEPRECATED_OBJC_IMPLEMENTATIONS = YES;
				CLANG_WARN_DIRECT_OBJC_ISA_USAGE = YES_ERROR;
				CLANG_WARN_DOCUMENTATION_COMMENTS = YES;
				CLANG_WARN_EMPTY_BODY = YES;
				CLANG_WARN_ENUM_CONVERSION = YES;
				CLANG_WARN_INFINITE_RECURSION = YES;
				CLANG_WARN_INT_CONVERSION = YES;
				CLANG_WARN_NON_LITERAL_NULL_CONVERSION = YES;
				CLANG_WARN_OBJC_IMPLICIT_RETAIN_SELF = YES;
				CLANG_WARN_OBJC_LITERAL_CONVERSION = YES;
				CLANG_WARN_OBJC_ROOT_CLASS = YES_ERROR;
				CLANG_WARN_RANGE_LOOP_ANALYSIS = YES;
				CLANG_WARN_STRICT_PROTOTYPES = YES;
				CLANG_WARN_SUSPICIOUS_MOVE = YES;
				CLANG_WARN_UNGUARDED_AVAILABILITY = YES_AGGRESSIVE;
				CLANG_WARN_UNREACHABLE_CODE = YES;
				CLANG_WARN__DUPLICATE_METHOD_MATCH = YES;
				COPY_PHASE_STRIP = NO;
				DEBUG_INFORMATION_FORMAT = dwarf;
				ENABLE_STRICT_OBJC_MSGSEND = YES;
				ENABLE_TESTABILITY = YES;
				GCC_C_LANGUAGE_STANDARD = gnu11;
				GCC_DYNAMIC_NO_PIC = NO;
				GCC_NO_COMMON_BLOCKS = YES;
				GCC_OPTIMIZATION_LEVEL = 0;
				GCC_PREPROCESSOR_DEFINITIONS = (
					"DEBUG=1",
					"$(inherited)",
				);
				GCC_WARN_64_TO_32_BIT_CONVERSION = YES;
				GCC_WARN_ABOUT_RETURN_TYPE = YES_ERROR;
				GCC_WARN_UNDECLARED_SELECTOR = YES;
				GCC_WARN_UNINITIALIZED_AUTOS = YES_AGGRESSIVE;
				GCC_WARN_UNUSED_FUNCTION = YES;
				GCC_WARN_UNUSED_VARIABLE = YES;
				IPHONEOS_DEPLOYMENT_TARGET = 13.0;
				MTL_ENABLE_DEBUG_INFO = INCLUDE_SOURCE;
				MTL_FAST_MATH = YES;
				ONLY_ACTIVE_ARCH = YES;
				SDKROOT = iphoneos;
				SWIFT_ACTIVE_COMPILATION_CONDITIONS = DEBUG;
				SWIFT_OPTIMIZATION_LEVEL = "-Onone";
			};
			name = Debug;
		};
		263B2C9E24949D6C003D25C1 /* Release */ = {
			isa = XCBuildConfiguration;
			buildSettings = {
				ALWAYS_SEARCH_USER_PATHS = NO;
				CLANG_ANALYZER_NONNULL = YES;
				CLANG_ANALYZER_NUMBER_OBJECT_CONVERSION = YES_AGGRESSIVE;
				CLANG_CXX_LANGUAGE_STANDARD = "gnu++14";
				CLANG_CXX_LIBRARY = "libc++";
				CLANG_ENABLE_MODULES = YES;
				CLANG_ENABLE_OBJC_ARC = YES;
				CLANG_ENABLE_OBJC_WEAK = YES;
				CLANG_WARN_BLOCK_CAPTURE_AUTORELEASING = YES;
				CLANG_WARN_BOOL_CONVERSION = YES;
				CLANG_WARN_COMMA = YES;
				CLANG_WARN_CONSTANT_CONVERSION = YES;
				CLANG_WARN_DEPRECATED_OBJC_IMPLEMENTATIONS = YES;
				CLANG_WARN_DIRECT_OBJC_ISA_USAGE = YES_ERROR;
				CLANG_WARN_DOCUMENTATION_COMMENTS = YES;
				CLANG_WARN_EMPTY_BODY = YES;
				CLANG_WARN_ENUM_CONVERSION = YES;
				CLANG_WARN_INFINITE_RECURSION = YES;
				CLANG_WARN_INT_CONVERSION = YES;
				CLANG_WARN_NON_LITERAL_NULL_CONVERSION = YES;
				CLANG_WARN_OBJC_IMPLICIT_RETAIN_SELF = YES;
				CLANG_WARN_OBJC_LITERAL_CONVERSION = YES;
				CLANG_WARN_OBJC_ROOT_CLASS = YES_ERROR;
				CLANG_WARN_RANGE_LOOP_ANALYSIS = YES;
				CLANG_WARN_STRICT_PROTOTYPES = YES;
				CLANG_WARN_SUSPICIOUS_MOVE = YES;
				CLANG_WARN_UNGUARDED_AVAILABILITY = YES_AGGRESSIVE;
				CLANG_WARN_UNREACHABLE_CODE = YES;
				CLANG_WARN__DUPLICATE_METHOD_MATCH = YES;
				COPY_PHASE_STRIP = NO;
				DEBUG_INFORMATION_FORMAT = "dwarf-with-dsym";
				ENABLE_NS_ASSERTIONS = NO;
				ENABLE_STRICT_OBJC_MSGSEND = YES;
				GCC_C_LANGUAGE_STANDARD = gnu11;
				GCC_NO_COMMON_BLOCKS = YES;
				GCC_WARN_64_TO_32_BIT_CONVERSION = YES;
				GCC_WARN_ABOUT_RETURN_TYPE = YES_ERROR;
				GCC_WARN_UNDECLARED_SELECTOR = YES;
				GCC_WARN_UNINITIALIZED_AUTOS = YES_AGGRESSIVE;
				GCC_WARN_UNUSED_FUNCTION = YES;
				GCC_WARN_UNUSED_VARIABLE = YES;
				IPHONEOS_DEPLOYMENT_TARGET = 13.0;
				MTL_ENABLE_DEBUG_INFO = NO;
				MTL_FAST_MATH = YES;
				SDKROOT = iphoneos;
				SWIFT_COMPILATION_MODE = wholemodule;
				SWIFT_OPTIMIZATION_LEVEL = "-O";
				VALIDATE_PRODUCT = YES;
			};
			name = Release;
		};
		263B2CA024949D6C003D25C1 /* Debug */ = {
			isa = XCBuildConfiguration;
			baseConfigurationReference = D53CD909C3EF17F3A2F118F5 /* Pods-ToDoList.debug.xcconfig */;
			buildSettings = {
				ASSETCATALOG_COMPILER_APPICON_NAME = AppIcon;
				CODE_SIGN_IDENTITY = "Apple Development";
				CODE_SIGN_STYLE = Automatic;
				DEVELOPMENT_TEAM = 738W7N8LKZ;
				INFOPLIST_FILE = ToDoList/Info.plist;
				LD_RUNPATH_SEARCH_PATHS = (
					"$(inherited)",
					"@executable_path/Frameworks",
				);
				PRODUCT_BUNDLE_IDENTIFIER = WENHSINYU.ToDoList;
				PRODUCT_NAME = "$(TARGET_NAME)";
				PROVISIONING_PROFILE_SPECIFIER = "";
				SWIFT_VERSION = 5.0;
				TARGETED_DEVICE_FAMILY = "1,2";
			};
			name = Debug;
		};
		263B2CA124949D6C003D25C1 /* Release */ = {
			isa = XCBuildConfiguration;
			baseConfigurationReference = EFA54AA825814E290D129B7B /* Pods-ToDoList.release.xcconfig */;
			buildSettings = {
				ASSETCATALOG_COMPILER_APPICON_NAME = AppIcon;
				CODE_SIGN_STYLE = Manual;
				DEVELOPMENT_TEAM = "";
				INFOPLIST_FILE = ToDoList/Info.plist;
				LD_RUNPATH_SEARCH_PATHS = (
					"$(inherited)",
					"@executable_path/Frameworks",
				);
				PRODUCT_BUNDLE_IDENTIFIER = WENHSINYU.ToDoList;
				PRODUCT_NAME = "$(TARGET_NAME)";
				PROVISIONING_PROFILE_SPECIFIER = "";
				SWIFT_VERSION = 5.0;
				TARGETED_DEVICE_FAMILY = "1,2";
			};
			name = Release;
		};
		263B2CA324949D6C003D25C1 /* Debug */ = {
			isa = XCBuildConfiguration;
			baseConfigurationReference = 00520F59D95D306400FEB396 /* Pods-ToDoListTests.debug.xcconfig */;
			buildSettings = {
				ALWAYS_EMBED_SWIFT_STANDARD_LIBRARIES = YES;
				BUNDLE_LOADER = "$(TEST_HOST)";
				CODE_SIGN_STYLE = Automatic;
				DEVELOPMENT_TEAM = 9AZXW6JVQG;
				INFOPLIST_FILE = ToDoListTests/Info.plist;
				IPHONEOS_DEPLOYMENT_TARGET = 13.0;
				LD_RUNPATH_SEARCH_PATHS = (
					"$(inherited)",
					"@executable_path/Frameworks",
					"@loader_path/Frameworks",
				);
				PRODUCT_BUNDLE_IDENTIFIER = recognize.tpshan.451.ToDoListTests;
				PRODUCT_NAME = "$(TARGET_NAME)";
				SWIFT_VERSION = 5.0;
				TARGETED_DEVICE_FAMILY = "1,2";
				TEST_HOST = "$(BUILT_PRODUCTS_DIR)/ToDoList.app/ToDoList";
			};
			name = Debug;
		};
		263B2CA424949D6C003D25C1 /* Release */ = {
			isa = XCBuildConfiguration;
			baseConfigurationReference = 96327F9EA17A90C8526D186F /* Pods-ToDoListTests.release.xcconfig */;
			buildSettings = {
				ALWAYS_EMBED_SWIFT_STANDARD_LIBRARIES = YES;
				BUNDLE_LOADER = "$(TEST_HOST)";
				CODE_SIGN_STYLE = Automatic;
				DEVELOPMENT_TEAM = 9AZXW6JVQG;
				INFOPLIST_FILE = ToDoListTests/Info.plist;
				IPHONEOS_DEPLOYMENT_TARGET = 13.0;
				LD_RUNPATH_SEARCH_PATHS = (
					"$(inherited)",
					"@executable_path/Frameworks",
					"@loader_path/Frameworks",
				);
				PRODUCT_BUNDLE_IDENTIFIER = recognize.tpshan.451.ToDoListTests;
				PRODUCT_NAME = "$(TARGET_NAME)";
				SWIFT_VERSION = 5.0;
				TARGETED_DEVICE_FAMILY = "1,2";
				TEST_HOST = "$(BUILT_PRODUCTS_DIR)/ToDoList.app/ToDoList";
			};
			name = Release;
		};
		263B2CA624949D6C003D25C1 /* Debug */ = {
			isa = XCBuildConfiguration;
			baseConfigurationReference = 51004EC235CD5F37B369341E /* Pods-ToDoList-ToDoListUITests.debug.xcconfig */;
			buildSettings = {
				ALWAYS_EMBED_SWIFT_STANDARD_LIBRARIES = YES;
				CODE_SIGN_STYLE = Automatic;
				DEVELOPMENT_TEAM = 9AZXW6JVQG;
				INFOPLIST_FILE = ToDoListUITests/Info.plist;
				LD_RUNPATH_SEARCH_PATHS = (
					"$(inherited)",
					"@executable_path/Frameworks",
					"@loader_path/Frameworks",
				);
				PRODUCT_BUNDLE_IDENTIFIER = recognize.tpshan.451.ToDoListUITests;
				PRODUCT_NAME = "$(TARGET_NAME)";
				SWIFT_VERSION = 5.0;
				TARGETED_DEVICE_FAMILY = "1,2";
				TEST_TARGET_NAME = ToDoList;
			};
			name = Debug;
		};
		263B2CA724949D6C003D25C1 /* Release */ = {
			isa = XCBuildConfiguration;
			baseConfigurationReference = 63014A5B8096A23DB4E937AF /* Pods-ToDoList-ToDoListUITests.release.xcconfig */;
			buildSettings = {
				ALWAYS_EMBED_SWIFT_STANDARD_LIBRARIES = YES;
				CODE_SIGN_STYLE = Automatic;
				DEVELOPMENT_TEAM = 9AZXW6JVQG;
				INFOPLIST_FILE = ToDoListUITests/Info.plist;
				LD_RUNPATH_SEARCH_PATHS = (
					"$(inherited)",
					"@executable_path/Frameworks",
					"@loader_path/Frameworks",
				);
				PRODUCT_BUNDLE_IDENTIFIER = recognize.tpshan.451.ToDoListUITests;
				PRODUCT_NAME = "$(TARGET_NAME)";
				SWIFT_VERSION = 5.0;
				TARGETED_DEVICE_FAMILY = "1,2";
				TEST_TARGET_NAME = ToDoList;
			};
			name = Release;
		};
/* End XCBuildConfiguration section */

/* Begin XCConfigurationList section */
		263B2C6D24949D64003D25C1 /* Build configuration list for PBXProject "ToDoList" */ = {
			isa = XCConfigurationList;
			buildConfigurations = (
				263B2C9D24949D6C003D25C1 /* Debug */,
				263B2C9E24949D6C003D25C1 /* Release */,
			);
			defaultConfigurationIsVisible = 0;
			defaultConfigurationName = Release;
		};
		263B2C9F24949D6C003D25C1 /* Build configuration list for PBXNativeTarget "ToDoList" */ = {
			isa = XCConfigurationList;
			buildConfigurations = (
				263B2CA024949D6C003D25C1 /* Debug */,
				263B2CA124949D6C003D25C1 /* Release */,
			);
			defaultConfigurationIsVisible = 0;
			defaultConfigurationName = Release;
		};
		263B2CA224949D6C003D25C1 /* Build configuration list for PBXNativeTarget "ToDoListTests" */ = {
			isa = XCConfigurationList;
			buildConfigurations = (
				263B2CA324949D6C003D25C1 /* Debug */,
				263B2CA424949D6C003D25C1 /* Release */,
			);
			defaultConfigurationIsVisible = 0;
			defaultConfigurationName = Release;
		};
		263B2CA524949D6C003D25C1 /* Build configuration list for PBXNativeTarget "ToDoListUITests" */ = {
			isa = XCConfigurationList;
			buildConfigurations = (
				263B2CA624949D6C003D25C1 /* Debug */,
				263B2CA724949D6C003D25C1 /* Release */,
			);
			defaultConfigurationIsVisible = 0;
			defaultConfigurationName = Release;
		};
/* End XCConfigurationList section */

/* Begin XCVersionGroup section */
		263B2C7E24949D65003D25C1 /* ToDoList.xcdatamodeld */ = {
			isa = XCVersionGroup;
			children = (
				263B2C7F24949D65003D25C1 /* ToDoList.xcdatamodel */,
			);
			currentVersion = 263B2C7F24949D65003D25C1 /* ToDoList.xcdatamodel */;
			path = ToDoList.xcdatamodeld;
			sourceTree = "<group>";
			versionGroupType = wrapper.xcdatamodel;
		};
/* End XCVersionGroup section */
	};
	rootObject = 263B2C6A24949D64003D25C1 /* Project object */;
}
